
Microsoft Visual Studio Solution File, Format Version 12.00
# Visual Studio Version 16
VisualStudioVersion = 16.0.35325.158
MinimumVisualStudioVersion = 10.0.40219.1
Project("{F184B08F-C81C-45F6-A57F-5ABD9991F28F}") = "travel", "travel\travel.vbproj", "{3BBD3C51-9B53-47F9-A8F3-D6C981183CAA}"
EndProject
Global
	GlobalSection(SolutionConfigurationPlatforms) = preSolution
		Debug|Any CPU = Debug|Any CPU
		Release|Any CPU = Release|Any CPU
	EndGlobalSection
	GlobalSection(ProjectConfigurationPlatforms) = postSolution
		{3BBD3C51-9B53-47F9-A8F3-D6C981183CAA}.Debug|Any CPU.ActiveCfg = Debug|Any CPU
		{3BBD3C51-9B53-47F9-A8F3-D6C981183CAA}.Debug|Any CPU.Build.0 = Debug|Any CPU
		{3BBD3C51-9B53-47F9-A8F3-D6C981183CAA}.Release|Any CPU.ActiveCfg = Release|Any CPU
		{3BBD3C51-9B53-47F9-A8F3-D6C981183CAA}.Release|Any CPU.Build.0 = Release|Any CPU
	EndGlobalSection
	GlobalSection(SolutionProperties) = preSolution
		HideSolutionNode = FALSE
	EndGlobalSection
	GlobalSection(ExtensibilityGlobals) = postSolution
		SolutionGuid = {E2267BEE-9B82-4A64-B3CD-C27BFE756D64}
	EndGlobalSection
EndGlobal
